
Microsoft Visual Studio Solution File, Format Version 12.00
# Visual Studio Version 16
VisualStudioVersion = 16.0.31129.286
MinimumVisualStudioVersion = 10.0.40219.1
Project("{FAE04EC0-301F-11D3-BF4B-00C04F79EFBC}") = "Collection_lab", "Collection_lab.csproj", "{0E33C3B6-7ECC-4ACA-8324-9F306454A85F}"
EndProject
Global
	GlobalSection(SolutionConfigurationPlatforms) = preSolution
		Debug|Any CPU = Debug|Any CPU
		Release|Any CPU = Release|Any CPU
	EndGlobalSection
	GlobalSection(ProjectConfigurationPlatforms) = postSolution
		{0E33C3B6-7ECC-4ACA-8324-9F306454A85F}.Debug|Any CPU.ActiveCfg = Debug|Any CPU
		{0E33C3B6-7ECC-4ACA-8324-9F306454A85F}.Debug|Any CPU.Build.0 = Debug|Any CPU
		{0E33C3B6-7ECC-4ACA-8324-9F306454A85F}.Release|Any CPU.ActiveCfg = Release|Any CPU
		{0E33C3B6-7ECC-4ACA-8324-9F306454A85F}.Release|Any CPU.Build.0 = Release|Any CPU
	EndGlobalSection
	GlobalSection(SolutionProperties) = preSolution
		HideSolutionNode = FALSE
	EndGlobalSection
	GlobalSection(ExtensibilityGlobals) = postSolution
		SolutionGuid = {C8121D11-E526-465C-993D-C460881CC7DE}
	EndGlobalSection
EndGlobal
